
Microsoft Visual Studio Solution File, Format Version 12.00
# Visual Studio Version 17
VisualStudioVersion = 17.1.32407.343
MinimumVisualStudioVersion = 10.0.40219.1
Project("{FAE04EC0-301F-11D3-BF4B-00C04F79EFBC}") = "ConsoleTeste", "ConsoleTeste\ConsoleTeste.csproj", "{9FB120B2-5294-4E2F-8F31-E15483F3406C}"
EndProject
Global
	GlobalSection(SolutionConfigurationPlatforms) = preSolution
		Debug|Any CPU = Debug|Any CPU
		Release|Any CPU = Release|Any CPU
	EndGlobalSection
	GlobalSection(ProjectConfigurationPlatforms) = postSolution
		{9FB120B2-5294-4E2F-8F31-E15483F3406C}.Debug|Any CPU.ActiveCfg = Debug|Any CPU
		{9FB120B2-5294-4E2F-8F31-E15483F3406C}.Debug|Any CPU.Build.0 = Debug|Any CPU
		{9FB120B2-5294-4E2F-8F31-E15483F3406C}.Release|Any CPU.ActiveCfg = Release|Any CPU
		{9FB120B2-5294-4E2F-8F31-E15483F3406C}.Release|Any CPU.Build.0 = Release|Any CPU
	EndGlobalSection
	GlobalSection(SolutionProperties) = preSolution
		HideSolutionNode = FALSE
	EndGlobalSection
	GlobalSection(ExtensibilityGlobals) = postSolution
		SolutionGuid = {7904B5DE-0A16-4F3F-8E99-2E377F1E9313}
	EndGlobalSection
EndGlobal
